
Microsoft Visual Studio Solution File, Format Version 12.00
# Visual Studio Version 16
VisualStudioVersion = 16.0.31019.35
MinimumVisualStudioVersion = 10.0.40219.1
Project("{F184B08F-C81C-45F6-A57F-5ABD9991F28F}") = "ws-control-escolar", "ws-control-escolar\ws-control-escolar.vbproj", "{310E11A6-A8C5-4449-8A62-40F0D3E013CE}"
EndProject
Global
	GlobalSection(SolutionConfigurationPlatforms) = preSolution
		Debug|Any CPU = Debug|Any CPU
		Release|Any CPU = Release|Any CPU
	EndGlobalSection
	GlobalSection(ProjectConfigurationPlatforms) = postSolution
		{310E11A6-A8C5-4449-8A62-40F0D3E013CE}.Debug|Any CPU.ActiveCfg = Debug|Any CPU
		{310E11A6-A8C5-4449-8A62-40F0D3E013CE}.Debug|Any CPU.Build.0 = Debug|Any CPU
		{310E11A6-A8C5-4449-8A62-40F0D3E013CE}.Release|Any CPU.ActiveCfg = Release|Any CPU
		{310E11A6-A8C5-4449-8A62-40F0D3E013CE}.Release|Any CPU.Build.0 = Release|Any CPU
	EndGlobalSection
	GlobalSection(SolutionProperties) = preSolution
		HideSolutionNode = FALSE
	EndGlobalSection
	GlobalSection(ExtensibilityGlobals) = postSolution
		SolutionGuid = {127E02BF-05C2-4B30-92DC-08A55B2D7A8C}
	EndGlobalSection
EndGlobal
